
Microsoft Visual Studio Solution File, Format Version 12.00
# Visual Studio 2012
Project("{F2A71F9B-5D33-465A-A702-920D77279786}") = "DotnetCLI", "tools\DotnetCLI.fsproj", "{6C49508A-0A69-4825-8DF2-17452E60DBF6}"
EndProject
Project("{2150E333-8FDC-42A3-9474-1A3956D46DE8}") = "src", "src", "{A17C9B2D-C336-405F-8A3E-A8775A5AC963}"
EndProject
Project("{F2A71F9B-5D33-465A-A702-920D77279786}") = "Import", "src\Import\Import.fsproj", "{466C885E-84BB-4B5F-B40E-8A09D339475F}"
EndProject
Project("{F2A71F9B-5D33-465A-A702-920D77279786}") = "App", "src\App\App.fsproj", "{8855B632-5AE3-4E9E-B3B6-942EDA0AC357}"
EndProject
Project("{F2A71F9B-5D33-465A-A702-920D77279786}") = "Elmish", "src\Elmish\Elmish.fsproj", "{6372707D-7691-4409-81FF-E864480F663E}"
EndProject
Project("{F2A71F9B-5D33-465A-A702-920D77279786}") = "Helpers", "src\Helpers\Helpers.fsproj", "{E17024C5-A157-4D14-BA12-F3674AE1C440}"
EndProject
Global
	GlobalSection(SolutionConfigurationPlatforms) = preSolution
		Debug|Any CPU = Debug|Any CPU
		Release|Any CPU = Release|Any CPU
		Debug|x64 = Debug|x64
		Debug|x86 = Debug|x86
		Release|x64 = Release|x64
		Release|x86 = Release|x86
	EndGlobalSection
	GlobalSection(ProjectConfigurationPlatforms) = postSolution
		{6C49508A-0A69-4825-8DF2-17452E60DBF6}.Debug|Any CPU.ActiveCfg = Debug|Any CPU
		{6C49508A-0A69-4825-8DF2-17452E60DBF6}.Debug|Any CPU.Build.0 = Debug|Any CPU
		{6C49508A-0A69-4825-8DF2-17452E60DBF6}.Debug|x64.ActiveCfg = Debug|x64
		{6C49508A-0A69-4825-8DF2-17452E60DBF6}.Debug|x64.Build.0 = Debug|x64
		{6C49508A-0A69-4825-8DF2-17452E60DBF6}.Debug|x86.ActiveCfg = Debug|x86
		{6C49508A-0A69-4825-8DF2-17452E60DBF6}.Debug|x86.Build.0 = Debug|x86
		{6C49508A-0A69-4825-8DF2-17452E60DBF6}.Release|Any CPU.ActiveCfg = Release|Any CPU
		{6C49508A-0A69-4825-8DF2-17452E60DBF6}.Release|Any CPU.Build.0 = Release|Any CPU
		{6C49508A-0A69-4825-8DF2-17452E60DBF6}.Release|x64.ActiveCfg = Release|x64
		{6C49508A-0A69-4825-8DF2-17452E60DBF6}.Release|x64.Build.0 = Release|x64
		{6C49508A-0A69-4825-8DF2-17452E60DBF6}.Release|x86.ActiveCfg = Release|x86
		{6C49508A-0A69-4825-8DF2-17452E60DBF6}.Release|x86.Build.0 = Release|x86
		{466C885E-84BB-4B5F-B40E-8A09D339475F}.Debug|Any CPU.ActiveCfg = Debug|Any CPU
		{466C885E-84BB-4B5F-B40E-8A09D339475F}.Debug|Any CPU.Build.0 = Debug|Any CPU
		{466C885E-84BB-4B5F-B40E-8A09D339475F}.Debug|x64.ActiveCfg = Debug|x64
		{466C885E-84BB-4B5F-B40E-8A09D339475F}.Debug|x64.Build.0 = Debug|x64
		{466C885E-84BB-4B5F-B40E-8A09D339475F}.Debug|x86.ActiveCfg = Debug|x86
		{466C885E-84BB-4B5F-B40E-8A09D339475F}.Debug|x86.Build.0 = Debug|x86
		{466C885E-84BB-4B5F-B40E-8A09D339475F}.Release|Any CPU.ActiveCfg = Release|Any CPU
		{466C885E-84BB-4B5F-B40E-8A09D339475F}.Release|Any CPU.Build.0 = Release|Any CPU
		{466C885E-84BB-4B5F-B40E-8A09D339475F}.Release|x64.ActiveCfg = Release|x64
		{466C885E-84BB-4B5F-B40E-8A09D339475F}.Release|x64.Build.0 = Release|x64
		{466C885E-84BB-4B5F-B40E-8A09D339475F}.Release|x86.ActiveCfg = Release|x86
		{466C885E-84BB-4B5F-B40E-8A09D339475F}.Release|x86.Build.0 = Release|x86
		{8855B632-5AE3-4E9E-B3B6-942EDA0AC357}.Debug|Any CPU.ActiveCfg = Debug|Any CPU
		{8855B632-5AE3-4E9E-B3B6-942EDA0AC357}.Debug|Any CPU.Build.0 = Debug|Any CPU
		{8855B632-5AE3-4E9E-B3B6-942EDA0AC357}.Debug|x64.ActiveCfg = Debug|x64
		{8855B632-5AE3-4E9E-B3B6-942EDA0AC357}.Debug|x64.Build.0 = Debug|x64
		{8855B632-5AE3-4E9E-B3B6-942EDA0AC357}.Debug|x86.ActiveCfg = Debug|x86
		{8855B632-5AE3-4E9E-B3B6-942EDA0AC357}.Debug|x86.Build.0 = Debug|x86
		{8855B632-5AE3-4E9E-B3B6-942EDA0AC357}.Release|Any CPU.ActiveCfg = Release|Any CPU
		{8855B632-5AE3-4E9E-B3B6-942EDA0AC357}.Release|Any CPU.Build.0 = Release|Any CPU
		{8855B632-5AE3-4E9E-B3B6-942EDA0AC357}.Release|x64.ActiveCfg = Release|x64
		{8855B632-5AE3-4E9E-B3B6-942EDA0AC357}.Release|x64.Build.0 = Release|x64
		{8855B632-5AE3-4E9E-B3B6-942EDA0AC357}.Release|x86.ActiveCfg = Release|x86
		{8855B632-5AE3-4E9E-B3B6-942EDA0AC357}.Release|x86.Build.0 = Release|x86
		{6372707D-7691-4409-81FF-E864480F663E}.Debug|Any CPU.ActiveCfg = Debug|Any CPU
		{6372707D-7691-4409-81FF-E864480F663E}.Debug|Any CPU.Build.0 = Debug|Any CPU
		{6372707D-7691-4409-81FF-E864480F663E}.Debug|x64.ActiveCfg = Debug|x64
		{6372707D-7691-4409-81FF-E864480F663E}.Debug|x64.Build.0 = Debug|x64
		{6372707D-7691-4409-81FF-E864480F663E}.Debug|x86.ActiveCfg = Debug|x86
		{6372707D-7691-4409-81FF-E864480F663E}.Debug|x86.Build.0 = Debug|x86
		{6372707D-7691-4409-81FF-E864480F663E}.Release|Any CPU.ActiveCfg = Release|Any CPU
		{6372707D-7691-4409-81FF-E864480F663E}.Release|Any CPU.Build.0 = Release|Any CPU
		{6372707D-7691-4409-81FF-E864480F663E}.Release|x64.ActiveCfg = Release|x64
		{6372707D-7691-4409-81FF-E864480F663E}.Release|x64.Build.0 = Release|x64
		{6372707D-7691-4409-81FF-E864480F663E}.Release|x86.ActiveCfg = Release|x86
		{6372707D-7691-4409-81FF-E864480F663E}.Release|x86.Build.0 = Release|x86
		{E17024C5-A157-4D14-BA12-F3674AE1C440}.Debug|Any CPU.ActiveCfg = Debug|Any CPU
		{E17024C5-A157-4D14-BA12-F3674AE1C440}.Debug|Any CPU.Build.0 = Debug|Any CPU
		{E17024C5-A157-4D14-BA12-F3674AE1C440}.Debug|x64.ActiveCfg = Debug|x64
		{E17024C5-A157-4D14-BA12-F3674AE1C440}.Debug|x64.Build.0 = Debug|x64
		{E17024C5-A157-4D14-BA12-F3674AE1C440}.Debug|x86.ActiveCfg = Debug|x86
		{E17024C5-A157-4D14-BA12-F3674AE1C440}.Debug|x86.Build.0 = Debug|x86
		{E17024C5-A157-4D14-BA12-F3674AE1C440}.Release|Any CPU.ActiveCfg = Release|Any CPU
		{E17024C5-A157-4D14-BA12-F3674AE1C440}.Release|Any CPU.Build.0 = Release|Any CPU
		{E17024C5-A157-4D14-BA12-F3674AE1C440}.Release|x64.ActiveCfg = Release|x64
		{E17024C5-A157-4D14-BA12-F3674AE1C440}.Release|x64.Build.0 = Release|x64
		{E17024C5-A157-4D14-BA12-F3674AE1C440}.Release|x86.ActiveCfg = Release|x86
		{E17024C5-A157-4D14-BA12-F3674AE1C440}.Release|x86.Build.0 = Release|x86
	EndGlobalSection
	GlobalSection(NestedProjects) = preSolution
		{466C885E-84BB-4B5F-B40E-8A09D339475F} = {A17C9B2D-C336-405F-8A3E-A8775A5AC963}
		{8855B632-5AE3-4E9E-B3B6-942EDA0AC357} = {A17C9B2D-C336-405F-8A3E-A8775A5AC963}
		{6372707D-7691-4409-81FF-E864480F663E} = {A17C9B2D-C336-405F-8A3E-A8775A5AC963}
		{E17024C5-A157-4D14-BA12-F3674AE1C440} = {A17C9B2D-C336-405F-8A3E-A8775A5AC963}
	EndGlobalSection
EndGlobal
